// !$*UTF8*$!
{
	archiveVersion = 1;
	classes = {
	};
	objectVersion = 50;
	objects = {

/* Begin PBXBuildFile section */
		DBC5074A214DB4C10009C0C0 /* MessageQueue.h in Headers */ = {isa = PBXBuildFile; fileRef = DBC50748214DB4C10009C0C0 /* MessageQueue.h */; settings = {ATTRIBUTES = (Public, ); }; };
		DBC50757214DB4F00009C0C0 /* AppDelegate.swift in Sources */ = {isa = PBXBuildFile; fileRef = DBC50756214DB4F00009C0C0 /* AppDelegate.swift */; };
		DBC50759214DB4F00009C0C0 /* ViewController.swift in Sources */ = {isa = PBXBuildFile; fileRef = DBC50758214DB4F00009C0C0 /* ViewController.swift */; };
		DBC5075B214DB4F60009C0C0 /* Assets.xcassets in Resources */ = {isa = PBXBuildFile; fileRef = DBC5075A214DB4F60009C0C0 /* Assets.xcassets */; };
		DBC5075E214DB4F60009C0C0 /* Main.storyboard in Resources */ = {isa = PBXBuildFile; fileRef = DBC5075C214DB4F60009C0C0 /* Main.storyboard */; };
		DBC50765214DB50A0009C0C0 /* MessageQueue.framework in Frameworks */ = {isa = PBXBuildFile; fileRef = DBC50745214DB4C10009C0C0 /* MessageQueue.framework */; };
/* End PBXBuildFile section */

/* Begin PBXFileReference section */
		DBC50745214DB4C10009C0C0 /* MessageQueue.framework */ = {isa = PBXFileReference; explicitFileType = wrapper.framework; includeInIndex = 0; path = MessageQueue.framework; sourceTree = BUILT_PRODUCTS_DIR; };
		DBC50748214DB4C10009C0C0 /* MessageQueue.h */ = {isa = PBXFileReference; lastKnownFileType = sourcecode.c.h; path = MessageQueue.h; sourceTree = "<group>"; };
		DBC50749214DB4C10009C0C0 /* Info.plist */ = {isa = PBXFileReference; lastKnownFileType = text.plist.xml; path = Info.plist; sourceTree = "<group>"; };
		DBC50754214DB4F00009C0C0 /* MessageQueueTryout.app */ = {isa = PBXFileReference; explicitFileType = wrapper.application; includeInIndex = 0; path = MessageQueueTryout.app; sourceTree = BUILT_PRODUCTS_DIR; };
		DBC50756214DB4F00009C0C0 /* AppDelegate.swift */ = {isa = PBXFileReference; lastKnownFileType = sourcecode.swift; path = AppDelegate.swift; sourceTree = "<group>"; };
		DBC50758214DB4F00009C0C0 /* ViewController.swift */ = {isa = PBXFileReference; lastKnownFileType = sourcecode.swift; path = ViewController.swift; sourceTree = "<group>"; };
		DBC5075A214DB4F60009C0C0 /* Assets.xcassets */ = {isa = PBXFileReference; lastKnownFileType = folder.assetcatalog; path = Assets.xcassets; sourceTree = "<group>"; };
		DBC5075D214DB4F60009C0C0 /* Base */ = {isa = PBXFileReference; lastKnownFileType = file.storyboard; name = Base; path = Base.lproj/Main.storyboard; sourceTree = "<group>"; };
		DBC5075F214DB4F60009C0C0 /* Info.plist */ = {isa = PBXFileReference; lastKnownFileType = text.plist.xml; path = Info.plist; sourceTree = "<group>"; };
		DBC50760214DB4F60009C0C0 /* MessageQueueTryout.entitlements */ = {isa = PBXFileReference; lastKnownFileType = text.plist.entitlements; path = MessageQueueTryout.entitlements; sourceTree = "<group>"; };
/* End PBXFileReference section */

/* Begin PBXFrameworksBuildPhase section */
		DBC50742214DB4C10009C0C0 /* Frameworks */ = {
			isa = PBXFrameworksBuildPhase;
			buildActionMask = 2147483647;
			files = (
			);
			runOnlyForDeploymentPostprocessing = 0;
		};
		DBC50751214DB4F00009C0C0 /* Frameworks */ = {
			isa = PBXFrameworksBuildPhase;
			buildActionMask = 2147483647;
			files = (
				DBC50765214DB50A0009C0C0 /* MessageQueue.framework in Frameworks */,
			);
			runOnlyForDeploymentPostprocessing = 0;
		};
/* End PBXFrameworksBuildPhase section */

/* Begin PBXGroup section */
		DBC5073B214DB4C10009C0C0 = {
			isa = PBXGroup;
			children = (
				DBC50747214DB4C10009C0C0 /* MessageQueue */,
				DBC50755214DB4F00009C0C0 /* MessageQueueTryout */,
				DBC50746214DB4C10009C0C0 /* Products */,
				DBC50764214DB50A0009C0C0 /* Frameworks */,
			);
			sourceTree = "<group>";
		};
		DBC50746214DB4C10009C0C0 /* Products */ = {
			isa = PBXGroup;
			children = (
				DBC50745214DB4C10009C0C0 /* MessageQueue.framework */,
				DBC50754214DB4F00009C0C0 /* MessageQueueTryout.app */,
			);
			name = Products;
			sourceTree = "<group>";
		};
		DBC50747214DB4C10009C0C0 /* MessageQueue */ = {
			isa = PBXGroup;
			children = (
				DBC50748214DB4C10009C0C0 /* MessageQueue.h */,
				DBC50749214DB4C10009C0C0 /* Info.plist */,
			);
			path = MessageQueue;
			sourceTree = "<group>";
		};
		DBC50755214DB4F00009C0C0 /* MessageQueueTryout */ = {
			isa = PBXGroup;
			children = (
				DBC50756214DB4F00009C0C0 /* AppDelegate.swift */,
				DBC50758214DB4F00009C0C0 /* ViewController.swift */,
				DBC5075A214DB4F60009C0C0 /* Assets.xcassets */,
				DBC5075C214DB4F60009C0C0 /* Main.storyboard */,
				DBC5075F214DB4F60009C0C0 /* Info.plist */,
				DBC50760214DB4F60009C0C0 /* MessageQueueTryout.entitlements */,
			);
			path = MessageQueueTryout;
			sourceTree = "<group>";
		};
		DBC50764214DB50A0009C0C0 /* Frameworks */ = {
			isa = PBXGroup;
			children = (
			);
			name = Frameworks;
			sourceTree = "<group>";
		};
/* End PBXGroup section */

/* Begin PBXHeadersBuildPhase section */
		DBC50740214DB4C10009C0C0 /* Headers */ = {
			isa = PBXHeadersBuildPhase;
			buildActionMask = 2147483647;
			files = (
				DBC5074A214DB4C10009C0C0 /* MessageQueue.h in Headers */,
			);
			runOnlyForDeploymentPostprocessing = 0;
		};
/* End PBXHeadersBuildPhase section */

/* Begin PBXNativeTarget section */
		DBC50744214DB4C10009C0C0 /* MessageQueue */ = {
			isa = PBXNativeTarget;
			buildConfigurationList = DBC5074D214DB4C10009C0C0 /* Build configuration list for PBXNativeTarget "MessageQueue" */;
			buildPhases = (
				DBC50740214DB4C10009C0C0 /* Headers */,
				DBC50741214DB4C10009C0C0 /* Sources */,
				DBC50742214DB4C10009C0C0 /* Frameworks */,
				DBC50743214DB4C10009C0C0 /* Resources */,
			);
			buildRules = (
			);
			dependencies = (
			);
			name = MessageQueue;
			productName = MessageQueue;
			productReference = DBC50745214DB4C10009C0C0 /* MessageQueue.framework */;
			productType = "com.apple.product-type.framework";
		};
		DBC50753214DB4F00009C0C0 /* MessageQueueTryout */ = {
			isa = PBXNativeTarget;
			buildConfigurationList = DBC50761214DB4F60009C0C0 /* Build configuration list for PBXNativeTarget "MessageQueueTryout" */;
			buildPhases = (
				DBC50750214DB4F00009C0C0 /* Sources */,
				DBC50751214DB4F00009C0C0 /* Frameworks */,
				DBC50752214DB4F00009C0C0 /* Resources */,
			);
			buildRules = (
			);
			dependencies = (
			);
			name = MessageQueueTryout;
			productName = MessageQueueTryout;
			productReference = DBC50754214DB4F00009C0C0 /* MessageQueueTryout.app */;
			productType = "com.apple.product-type.application";
		};
/* End PBXNativeTarget section */

/* Begin PBXProject section */
		DBC5073C214DB4C10009C0C0 /* Project object */ = {
			isa = PBXProject;
			attributes = {
				LastSwiftUpdateCheck = 1000;
				LastUpgradeCheck = 1000;
				ORGANIZATIONNAME = droolongcat.com;
				TargetAttributes = {
					DBC50744214DB4C10009C0C0 = {
						CreatedOnToolsVersion = 10.0;
					};
					DBC50753214DB4F00009C0C0 = {
						CreatedOnToolsVersion = 10.0;
					};
				};
			};
			buildConfigurationList = DBC5073F214DB4C10009C0C0 /* Build configuration list for PBXProject "MessageQueue" */;
			compatibilityVersion = "Xcode 9.3";
			developmentRegion = en;
			hasScannedForEncodings = 0;
			knownRegions = (
				en,
				Base,
			);
			mainGroup = DBC5073B214DB4C10009C0C0;
			productRefGroup = DBC50746214DB4C10009C0C0 /* Products */;
			projectDirPath = "";
			projectRoot = "";
			targets = (
				DBC50744214DB4C10009C0C0 /* MessageQueue */,
				DBC50753214DB4F00009C0C0 /* MessageQueueTryout */,
			);
		};
/* End PBXProject section */

/* Begin PBXResourcesBuildPhase section */
		DBC50743214DB4C10009C0C0 /* Resources */ = {
			isa = PBXResourcesBuildPhase;
			buildActionMask = 2147483647;
			files = (
			);
			runOnlyForDeploymentPostprocessing = 0;
		};
		DBC50752214DB4F00009C0C0 /* Resources */ = {
			isa = PBXResourcesBuildPhase;
			buildActionMask = 2147483647;
			files = (
				DBC5075B214DB4F60009C0C0 /* Assets.xcassets in Resources */,
				DBC5075E214DB4F60009C0C0 /* Main.storyboard in Resources */,
			);
			runOnlyForDeploymentPostprocessing = 0;
		};
/* End PBXResourcesBuildPhase section */

/* Begin PBXSourcesBuildPhase section */
		DBC50741214DB4C10009C0C0 /* Sources */ = {
			isa = PBXSourcesBuildPhase;
			buildActionMask = 2147483647;
			files = (
			);
			runOnlyForDeploymentPostprocessing = 0;
		};
		DBC50750214DB4F00009C0C0 /* Sources */ = {
			isa = PBXSourcesBuildPhase;
			buildActionMask = 2147483647;
			files = (
				DBC50759214DB4F00009C0C0 /* ViewController.swift in Sources */,
				DBC50757214DB4F00009C0C0 /* AppDelegate.swift in Sources */,
			);
			runOnlyForDeploymentPostprocessing = 0;
		};
/* End PBXSourcesBuildPhase section */

/* Begin PBXVariantGroup section */
		DBC5075C214DB4F60009C0C0 /* Main.storyboard */ = {
			isa = PBXVariantGroup;
			children = (
				DBC5075D214DB4F60009C0C0 /* Base */,
			);
			name = Main.storyboard;
			sourceTree = "<group>";
		};
/* End PBXVariantGroup section */

/* Begin XCBuildConfiguration section */
		DBC5074B214DB4C10009C0C0 /* Debug */ = {
			isa = XCBuildConfiguration;
			buildSettings = {
				ALWAYS_SEARCH_USER_PATHS = NO;
				CLANG_ANALYZER_NONNULL = YES;
				CLANG_ANALYZER_NUMBER_OBJECT_CONVERSION = YES_AGGRESSIVE;
				CLANG_CXX_LANGUAGE_STANDARD = "gnu++14";
				CLANG_CXX_LIBRARY = "libc++";
				CLANG_ENABLE_MODULES = YES;
				CLANG_ENABLE_OBJC_ARC = YES;
				CLANG_ENABLE_OBJC_WEAK = YES;
				CLANG_WARN_BLOCK_CAPTURE_AUTORELEASING = YES;
				CLANG_WARN_BOOL_CONVERSION = YES;
				CLANG_WARN_COMMA = YES;
				CLANG_WARN_CONSTANT_CONVERSION = YES;
				CLANG_WARN_DEPRECATED_OBJC_IMPLEMENTATIONS = YES;
				CLANG_WARN_DIRECT_OBJC_ISA_USAGE = YES_ERROR;
				CLANG_WARN_DOCUMENTATION_COMMENTS = YES;
				CLANG_WARN_EMPTY_BODY = YES;
				CLANG_WARN_ENUM_CONVERSION = YES;
				CLANG_WARN_INFINITE_RECURSION = YES;
				CLANG_WARN_INT_CONVERSION = YES;
				CLANG_WARN_NON_LITERAL_NULL_CONVERSION = YES;
				CLANG_WARN_OBJC_IMPLICIT_RETAIN_SELF = YES;
				CLANG_WARN_OBJC_LITERAL_CONVERSION = YES;
				CLANG_WARN_OBJC_ROOT_CLASS = YES_ERROR;
				CLANG_WARN_RANGE_LOOP_ANALYSIS = YES;
				CLANG_WARN_STRICT_PROTOTYPES = YES;
				CLANG_WARN_SUSPICIOUS_MOVE = YES;
				CLANG_WARN_UNGUARDED_AVAILABILITY = YES_AGGRESSIVE;
				CLANG_WARN_UNREACHABLE_CODE = YES;
				CLANG_WARN__DUPLICATE_METHOD_MATCH = YES;
				CODE_SIGN_IDENTITY = "-";
				COPY_PHASE_STRIP = NO;
				CURRENT_PROJECT_VERSION = 1;
				DEBUG_INFORMATION_FORMAT = dwarf;
				ENABLE_STRICT_OBJC_MSGSEND = YES;
				ENABLE_TESTABILITY = YES;
				GCC_C_LANGUAGE_STANDARD = gnu11;
				GCC_DYNAMIC_NO_PIC = NO;
				GCC_NO_COMMON_BLOCKS = YES;
				GCC_OPTIMIZATION_LEVEL = 0;
				GCC_PREPROCESSOR_DEFINITIONS = (
					"DEBUG=1",
					"$(inherited)",
				);
				GCC_WARN_64_TO_32_BIT_CONVERSION = YES;
				GCC_WARN_ABOUT_RETURN_TYPE = YES_ERROR;
				GCC_WARN_UNDECLARED_SELECTOR = YES;
				GCC_WARN_UNINITIALIZED_AUTOS = YES_AGGRESSIVE;
				GCC_WARN_UNUSED_FUNCTION = YES;
				GCC_WARN_UNUSED_VARIABLE = YES;
				MACOSX_DEPLOYMENT_TARGET = 10.13;
				MTL_ENABLE_DEBUG_INFO = INCLUDE_SOURCE;
				MTL_FAST_MATH = YES;
				ONLY_ACTIVE_ARCH = YES;
				SDKROOT = macosx;
				SWIFT_ACTIVE_COMPILATION_CONDITIONS = DEBUG;
				SWIFT_OPTIMIZATION_LEVEL = "-Onone";
				VERSIONING_SYSTEM = "apple-generic";
				VERSION_INFO_PREFIX = "";
			};
			name = Debug;
		};
		DBC5074C214DB4C10009C0C0 /* Release */ = {
			isa = XCBuildConfiguration;
			buildSettings = {
				ALWAYS_SEARCH_USER_PATHS = NO;
				CLANG_ANALYZER_NONNULL = YES;
				CLANG_ANALYZER_NUMBER_OBJECT_CONVERSION = YES_AGGRESSIVE;
				CLANG_CXX_LANGUAGE_STANDARD = "gnu++14";
				CLANG_CXX_LIBRARY = "libc++";
				CLANG_ENABLE_MODULES = YES;
				CLANG_ENABLE_OBJC_ARC = YES;
				CLANG_ENABLE_OBJC_WEAK = YES;
				CLANG_WARN_BLOCK_CAPTURE_AUTORELEASING = YES;
				CLANG_WARN_BOOL_CONVERSION = YES;
				CLANG_WARN_COMMA = YES;
				CLANG_WARN_CONSTANT_CONVERSION = YES;
				CLANG_WARN_DEPRECATED_OBJC_IMPLEMENTATIONS = YES;
				CLANG_WARN_DIRECT_OBJC_ISA_USAGE = YES_ERROR;
				CLANG_WARN_DOCUMENTATION_COMMENTS = YES;
				CLANG_WARN_EMPTY_BODY = YES;
				CLANG_WARN_ENUM_CONVERSION = YES;
				CLANG_WARN_INFINITE_RECURSION = YES;
				CLANG_WARN_INT_CONVERSION = YES;
				CLANG_WARN_NON_LITERAL_NULL_CONVERSION = YES;
				CLANG_WARN_OBJC_IMPLICIT_RETAIN_SELF = YES;
				CLANG_WARN_OBJC_LITERAL_CONVERSION = YES;
				CLANG_WARN_OBJC_ROOT_CLASS = YES_ERROR;
				CLANG_WARN_RANGE_LOOP_ANALYSIS = YES;
				CLANG_WARN_STRICT_PROTOTYPES = YES;
				CLANG_WARN_SUSPICIOUS_MOVE = YES;
				CLANG_WARN_UNGUARDED_AVAILABILITY = YES_AGGRESSIVE;
				CLANG_WARN_UNREACHABLE_CODE = YES;
				CLANG_WARN__DUPLICATE_METHOD_MATCH = YES;
				CODE_SIGN_IDENTITY = "-";
				COPY_PHASE_STRIP = NO;
				CURRENT_PROJECT_VERSION = 1;
				DEBUG_INFORMATION_FORMAT = "dwarf-with-dsym";
				ENABLE_NS_ASSERTIONS = NO;
				ENABLE_STRICT_OBJC_MSGSEND = YES;
				GCC_C_LANGUAGE_STANDARD = gnu11;
				GCC_NO_COMMON_BLOCKS = YES;
				GCC_WARN_64_TO_32_BIT_CONVERSION = YES;
				GCC_WARN_ABOUT_RETURN_TYPE = YES_ERROR;
				GCC_WARN_UNDECLARED_SELECTOR = YES;
				GCC_WARN_UNINITIALIZED_AUTOS = YES_AGGRESSIVE;
				GCC_WARN_UNUSED_FUNCTION = YES;
				GCC_WARN_UNUSED_VARIABLE = YES;
				MACOSX_DEPLOYMENT_TARGET = 10.13;
				MTL_ENABLE_DEBUG_INFO = NO;
				MTL_FAST_MATH = YES;
				SDKROOT = macosx;
				SWIFT_COMPILATION_MODE = wholemodule;
				SWIFT_OPTIMIZATION_LEVEL = "-O";
				VERSIONING_SYSTEM = "apple-generic";
				VERSION_INFO_PREFIX = "";
			};
			name = Release;
		};
		DBC5074E214DB4C10009C0C0 /* Debug */ = {
			isa = XCBuildConfiguration;
			buildSettings = {
				CODE_SIGN_IDENTITY = "";
				CODE_SIGN_STYLE = Automatic;
				COMBINE_HIDPI_IMAGES = YES;
				DEFINES_MODULE = YES;
				DYLIB_COMPATIBILITY_VERSION = 1;
				DYLIB_CURRENT_VERSION = 1;
				DYLIB_INSTALL_NAME_BASE = "@rpath";
				FRAMEWORK_VERSION = A;
				INFOPLIST_FILE = MessageQueue/Info.plist;
				INSTALL_PATH = "$(LOCAL_LIBRARY_DIR)/Frameworks";
				LD_RUNPATH_SEARCH_PATHS = (
					"$(inherited)",
					"@executable_path/../Frameworks",
					"@loader_path/Frameworks",
				);
				PRODUCT_BUNDLE_IDENTIFIER = com.droolingcat.MessageQueue;
				PRODUCT_NAME = "$(TARGET_NAME:c99extidentifier)";
				SKIP_INSTALL = YES;
				SWIFT_VERSION = 4.2;
			};
			name = Debug;
		};
		DBC5074F214DB4C10009C0C0 /* Release */ = {
			isa = XCBuildConfiguration;
			buildSettings = {
				CODE_SIGN_IDENTITY = "";
				CODE_SIGN_STYLE = Automatic;
				COMBINE_HIDPI_IMAGES = YES;
				DEFINES_MODULE = YES;
				DYLIB_COMPATIBILITY_VERSION = 1;
				DYLIB_CURRENT_VERSION = 1;
				DYLIB_INSTALL_NAME_BASE = "@rpath";
				FRAMEWORK_VERSION = A;
				INFOPLIST_FILE = MessageQueue/Info.plist;
				INSTALL_PATH = "$(LOCAL_LIBRARY_DIR)/Frameworks";
				LD_RUNPATH_SEARCH_PATHS = (
					"$(inherited)",
					"@executable_path/../Frameworks",
					"@loader_path/Frameworks",
				);
				PRODUCT_BUNDLE_IDENTIFIER = com.droolingcat.MessageQueue;
				PRODUCT_NAME = "$(TARGET_NAME:c99extidentifier)";
				SKIP_INSTALL = YES;
				SWIFT_VERSION = 4.2;
			};
			name = Release;
		};
		DBC50762214DB4F60009C0C0 /* Debug */ = {
			isa = XCBuildConfiguration;
			buildSettings = {
				ASSETCATALOG_COMPILER_APPICON_NAME = AppIcon;
				CODE_SIGN_ENTITLEMENTS = MessageQueueTryout/MessageQueueTryout.entitlements;
				CODE_SIGN_STYLE = Automatic;
				COMBINE_HIDPI_IMAGES = YES;
				INFOPLIST_FILE = MessageQueueTryout/Info.plist;
				LD_RUNPATH_SEARCH_PATHS = (
					"$(inherited)",
					"@executable_path/../Frameworks",
				);
				PRODUCT_BUNDLE_IDENTIFIER = com.droolingcat.MessageQueueTryout;
				PRODUCT_NAME = "$(TARGET_NAME)";
				SWIFT_VERSION = 4.2;
			};
			name = Debug;
		};
		DBC50763214DB4F60009C0C0 /* Release */ = {
			isa = XCBuildConfiguration;
			buildSettings = {
				ASSETCATALOG_COMPILER_APPICON_NAME = AppIcon;
				CODE_SIGN_ENTITLEMENTS = MessageQueueTryout/MessageQueueTryout.entitlements;
				CODE_SIGN_STYLE = Automatic;
				COMBINE_HIDPI_IMAGES = YES;
				INFOPLIST_FILE = MessageQueueTryout/Info.plist;
				LD_RUNPATH_SEARCH_PATHS = (
					"$(inherited)",
					"@executable_path/../Frameworks",
				);
				PRODUCT_BUNDLE_IDENTIFIER = com.droolingcat.MessageQueueTryout;
				PRODUCT_NAME = "$(TARGET_NAME)";
				SWIFT_VERSION = 4.2;
			};
			name = Release;
		};
/* End XCBuildConfiguration section */

/* Begin XCConfigurationList section */
		DBC5073F214DB4C10009C0C0 /* Build configuration list for PBXProject "MessageQueue" */ = {
			isa = XCConfigurationList;
			buildConfigurations = (
				DBC5074B214DB4C10009C0C0 /* Debug */,
				DBC5074C214DB4C10009C0C0 /* Release */,
			);
			defaultConfigurationIsVisible = 0;
			defaultConfigurationName = Release;
		};
		DBC5074D214DB4C10009C0C0 /* Build configuration list for PBXNativeTarget "MessageQueue" */ = {
			isa = XCConfigurationList;
			buildConfigurations = (
				DBC5074E214DB4C10009C0C0 /* Debug */,
				DBC5074F214DB4C10009C0C0 /* Release */,
			);
			defaultConfigurationIsVisible = 0;
			defaultConfigurationName = Release;
		};
		DBC50761214DB4F60009C0C0 /* Build configuration list for PBXNativeTarget "MessageQueueTryout" */ = {
			isa = XCConfigurationList;
			buildConfigurations = (
				DBC50762214DB4F60009C0C0 /* Debug */,
				DBC50763214DB4F60009C0C0 /* Release */,
			);
			defaultConfigurationIsVisible = 0;
			defaultConfigurationName = Release;
		};
/* End XCConfigurationList section */
	};
	rootObject = DBC5073C214DB4C10009C0C0 /* Project object */;
}
